{
    "name": "ruffrl-frontend",
    "version": "1.0.0",
    "lockfileVersion": 3,
    "requires": true,
    "packages": {
        "": {
            "name": "ruffrl-frontend",
            "version": "1.0.0",
            "license": "GNU",
            "workspaces": [
                "packages/*"
            ]
        }
    }
}
